{
  "name": "t2",
  "version": "1.0.0",
  "lockfileVersion": 1,
  "requires": true,
  "dependencies": {
    "crocks": {
      "version": "0.12.4",
      "resolved": "https://registry.npmjs.org/crocks/-/crocks-0.12.4.tgz",
      "integrity": "sha512-paln6xJUrR9e/OWMFsyTi4dLyr+q99C5f7PQbGgSDHtwsfW0sCNZvnpHzvniI2dAE0uoBgeIP1Ukmme8Z0HxxA=="
    },
    "daggy": {
      "version": "1.4.0",
      "resolved": "https://registry.npmjs.org/daggy/-/daggy-1.4.0.tgz",
      "integrity": "sha512-6g8sOIPMzriYtyoCfpM2bUobu2yj0UPdaPy+Yzdqow8RqJy/Dv2PrqiNOzCvbxUuT6B1eSbr2EmFPlLNfKFDzQ==",
      "requires": {
        "sanctuary-type-classes": "3.0.0",
        "sanctuary-type-identifiers": "1.0.0"
      }
    },
    "pure-random": {
      "version": "0.1.1",
      "resolved": "https://registry.npmjs.org/pure-random/-/pure-random-0.1.1.tgz",
      "integrity": "sha1-BqIh3U/xXsIeoSPtOLTwCgOeZYQ=",
      "requires": {
        "ramda": "^0.19.1",
        "sanctuary": "^0.9.0"
      },
      "dependencies": {
        "ramda": {
          "version": "0.19.1",
          "resolved": "https://registry.npmjs.org/ramda/-/ramda-0.19.1.tgz",
          "integrity": "sha1-icStaXJl/2sfrOnyhkOeJSDWZ5w="
        }
      }
    },
    "ramda": {
      "version": "0.27.1",
      "resolved": "https://registry.npmjs.org/ramda/-/ramda-0.27.1.tgz",
      "integrity": "sha512-PgIdVpn5y5Yns8vqb8FzBUEYn98V3xcPgawAkkgj0YJ0qDsnHCiNmZYfOGMgOvoB0eWFLpYbhxUR3mxfDIMvpw=="
    },
    "sanctuary": {
      "version": "0.9.1",
      "resolved": "https://registry.npmjs.org/sanctuary/-/sanctuary-0.9.1.tgz",
      "integrity": "sha1-986tVik7YcS2B+64bQGXyWTEwdg=",
      "requires": {
        "ramda": "0.19.x",
        "sanctuary-def": "0.4.x"
      },
      "dependencies": {
        "ramda": {
          "version": "0.19.1",
          "resolved": "https://registry.npmjs.org/ramda/-/ramda-0.19.1.tgz",
          "integrity": "sha1-icStaXJl/2sfrOnyhkOeJSDWZ5w="
        }
      }
    },
    "sanctuary-def": {
      "version": "0.4.0",
      "resolved": "https://registry.npmjs.org/sanctuary-def/-/sanctuary-def-0.4.0.tgz",
      "integrity": "sha1-wJAVXwdHy5monY3RiizlzmjNDaI="
    },
    "sanctuary-type-classes": {
      "version": "3.0.0",
      "resolved": "https://registry.npmjs.org/sanctuary-type-classes/-/sanctuary-type-classes-3.0.0.tgz",
      "integrity": "sha1-5M9CKrzrjHi29iXYTWH9tcbUQRY=",
      "requires": {
        "sanctuary-type-identifiers": "1.0.x"
      }
    },
    "sanctuary-type-identifiers": {
      "version": "1.0.0",
      "resolved": "https://registry.npmjs.org/sanctuary-type-identifiers/-/sanctuary-type-identifiers-1.0.0.tgz",
      "integrity": "sha1-6PNZ8AbLXmJM+4RkYD/BFGCL3p8="
    },
    "xstate": {
      "version": "4.16.2",
      "resolved": "https://registry.npmjs.org/xstate/-/xstate-4.16.2.tgz",
      "integrity": "sha512-EY39NNZnwM4tRYNmQAi1c2qHuZ1lJmuDpEo1jxiRcfS+1jPtKRAjGRLNx3fYKcK0ohW6mL41Wze3mdCF0SqavA=="
    }
  }
}
